
Microsoft Visual Studio Solution File, Format Version 12.00
# Visual Studio Version 16
VisualStudioVersion = 16.0.31402.337
MinimumVisualStudioVersion = 10.0.40219.1
Project("{8BC9CEB8-8B4A-11D0-8D11-00A0C91BC942}") = "IDIV", "IDIV\IDIV.vcxproj", "{7E13C987-E080-47D8-B56D-775E95DDB560}"
EndProject
Project("{8BC9CEB8-8B4A-11D0-8D11-00A0C91BC942}") = "IDIV2", "IDIV2\IDIV2.vcxproj", "{EFDBF930-21EB-4AB6-A6A3-3D65F83D8222}"
EndProject
Project("{8BC9CEB8-8B4A-11D0-8D11-00A0C91BC942}") = "IDIV3", "IDIV3\IDIV3.vcxproj", "{33ABF629-D4A3-43E8-9139-4D998B43A158}"
EndProject
Project("{8BC9CEB8-8B4A-11D0-8D11-00A0C91BC942}") = "IDIV4", "IDIV4\IDIV4.vcxproj", "{93D1B9F2-1E41-4E74-A3A3-50717D93C04C}"
EndProject
Global
	GlobalSection(SolutionConfigurationPlatforms) = preSolution
		Debug|x64 = Debug|x64
		Debug|x86 = Debug|x86
		Release|x64 = Release|x64
		Release|x86 = Release|x86
	EndGlobalSection
	GlobalSection(ProjectConfigurationPlatforms) = postSolution
		{7E13C987-E080-47D8-B56D-775E95DDB560}.Debug|x64.ActiveCfg = Debug|x64
		{7E13C987-E080-47D8-B56D-775E95DDB560}.Debug|x64.Build.0 = Debug|x64
		{7E13C987-E080-47D8-B56D-775E95DDB560}.Debug|x86.ActiveCfg = Debug|Win32
		{7E13C987-E080-47D8-B56D-775E95DDB560}.Debug|x86.Build.0 = Debug|Win32
		{7E13C987-E080-47D8-B56D-775E95DDB560}.Release|x64.ActiveCfg = Release|x64
		{7E13C987-E080-47D8-B56D-775E95DDB560}.Release|x64.Build.0 = Release|x64
		{7E13C987-E080-47D8-B56D-775E95DDB560}.Release|x86.ActiveCfg = Release|Win32
		{7E13C987-E080-47D8-B56D-775E95DDB560}.Release|x86.Build.0 = Release|Win32
		{EFDBF930-21EB-4AB6-A6A3-3D65F83D8222}.Debug|x64.ActiveCfg = Debug|x64
		{EFDBF930-21EB-4AB6-A6A3-3D65F83D8222}.Debug|x64.Build.0 = Debug|x64
		{EFDBF930-21EB-4AB6-A6A3-3D65F83D8222}.Debug|x86.ActiveCfg = Debug|Win32
		{EFDBF930-21EB-4AB6-A6A3-3D65F83D8222}.Debug|x86.Build.0 = Debug|Win32
		{EFDBF930-21EB-4AB6-A6A3-3D65F83D8222}.Release|x64.ActiveCfg = Release|x64
		{EFDBF930-21EB-4AB6-A6A3-3D65F83D8222}.Release|x64.Build.0 = Release|x64
		{EFDBF930-21EB-4AB6-A6A3-3D65F83D8222}.Release|x86.ActiveCfg = Release|Win32
		{EFDBF930-21EB-4AB6-A6A3-3D65F83D8222}.Release|x86.Build.0 = Release|Win32
		{33ABF629-D4A3-43E8-9139-4D998B43A158}.Debug|x64.ActiveCfg = Debug|x64
		{33ABF629-D4A3-43E8-9139-4D998B43A158}.Debug|x64.Build.0 = Debug|x64
		{33ABF629-D4A3-43E8-9139-4D998B43A158}.Debug|x86.ActiveCfg = Debug|Win32
		{33ABF629-D4A3-43E8-9139-4D998B43A158}.Debug|x86.Build.0 = Debug|Win32
		{33ABF629-D4A3-43E8-9139-4D998B43A158}.Release|x64.ActiveCfg = Release|x64
		{33ABF629-D4A3-43E8-9139-4D998B43A158}.Release|x64.Build.0 = Release|x64
		{33ABF629-D4A3-43E8-9139-4D998B43A158}.Release|x86.ActiveCfg = Release|Win32
		{33ABF629-D4A3-43E8-9139-4D998B43A158}.Release|x86.Build.0 = Release|Win32
		{93D1B9F2-1E41-4E74-A3A3-50717D93C04C}.Debug|x64.ActiveCfg = Debug|x64
		{93D1B9F2-1E41-4E74-A3A3-50717D93C04C}.Debug|x64.Build.0 = Debug|x64
		{93D1B9F2-1E41-4E74-A3A3-50717D93C04C}.Debug|x86.ActiveCfg = Debug|Win32
		{93D1B9F2-1E41-4E74-A3A3-50717D93C04C}.Debug|x86.Build.0 = Debug|Win32
		{93D1B9F2-1E41-4E74-A3A3-50717D93C04C}.Release|x64.ActiveCfg = Release|x64
		{93D1B9F2-1E41-4E74-A3A3-50717D93C04C}.Release|x64.Build.0 = Release|x64
		{93D1B9F2-1E41-4E74-A3A3-50717D93C04C}.Release|x86.ActiveCfg = Release|Win32
		{93D1B9F2-1E41-4E74-A3A3-50717D93C04C}.Release|x86.Build.0 = Release|Win32
	EndGlobalSection
	GlobalSection(SolutionProperties) = preSolution
		HideSolutionNode = FALSE
	EndGlobalSection
	GlobalSection(ExtensibilityGlobals) = postSolution
		SolutionGuid = {79A76187-1B02-4DCE-81C9-0642A2C73F47}
	EndGlobalSection
EndGlobal
